
Microsoft Visual Studio Solution File, Format Version 12.00
# Visual Studio 15
VisualStudioVersion = 15.0.27130.2026
MinimumVisualStudioVersion = 10.0.40219.1
Project("{FAE04EC0-301F-11D3-BF4B-00C04F79EFBC}") = "Kalaha.Android", "Kalaha\Kalaha.Android\Kalaha.Android.csproj", "{EE651B69-E133-4109-A0C5-91600DB7AC7E}"
EndProject
Project("{FAE04EC0-301F-11D3-BF4B-00C04F79EFBC}") = "Kalaha.iOS", "Kalaha\Kalaha.iOS\Kalaha.iOS.csproj", "{74E1C7FB-4121-4D01-9940-75A832C8C190}"
EndProject
Project("{FAE04EC0-301F-11D3-BF4B-00C04F79EFBC}") = "Kalaha.UWP", "Kalaha\Kalaha.UWP\Kalaha.UWP.csproj", "{B1190A27-C510-4100-96CC-01F3C7EB00B5}"
EndProject
Project("{9A19103F-16F7-4668-BE54-9A1E7A4F7556}") = "Kalaha", "Kalaha\Kalaha\Kalaha.csproj", "{B05E8854-93C7-4677-BE3D-A7A3E3AFB458}"
EndProject
Project("{FAE04EC0-301F-11D3-BF4B-00C04F79EFBC}") = "Kalaha.UnitTest", "Kalaha\Kalaha.UnitTest\Kalaha.UnitTest.csproj", "{D772228F-B107-4EF3-B673-D31ADF2B8F75}"
EndProject
Global
	GlobalSection(SolutionConfigurationPlatforms) = preSolution
		Ad-Hoc|Any CPU = Ad-Hoc|Any CPU
		Ad-Hoc|ARM = Ad-Hoc|ARM
		Ad-Hoc|iPhone = Ad-Hoc|iPhone
		Ad-Hoc|iPhoneSimulator = Ad-Hoc|iPhoneSimulator
		Ad-Hoc|x64 = Ad-Hoc|x64
		Ad-Hoc|x86 = Ad-Hoc|x86
		AppStore|Any CPU = AppStore|Any CPU
		AppStore|ARM = AppStore|ARM
		AppStore|iPhone = AppStore|iPhone
		AppStore|iPhoneSimulator = AppStore|iPhoneSimulator
		AppStore|x64 = AppStore|x64
		AppStore|x86 = AppStore|x86
		Debug|Any CPU = Debug|Any CPU
		Debug|ARM = Debug|ARM
		Debug|iPhone = Debug|iPhone
		Debug|iPhoneSimulator = Debug|iPhoneSimulator
		Debug|x64 = Debug|x64
		Debug|x86 = Debug|x86
		Release|Any CPU = Release|Any CPU
		Release|ARM = Release|ARM
		Release|iPhone = Release|iPhone
		Release|iPhoneSimulator = Release|iPhoneSimulator
		Release|x64 = Release|x64
		Release|x86 = Release|x86
	EndGlobalSection
	GlobalSection(ProjectConfigurationPlatforms) = postSolution
		{EE651B69-E133-4109-A0C5-91600DB7AC7E}.Ad-Hoc|Any CPU.ActiveCfg = Release|Any CPU
		{EE651B69-E133-4109-A0C5-91600DB7AC7E}.Ad-Hoc|Any CPU.Build.0 = Release|Any CPU
		{EE651B69-E133-4109-A0C5-91600DB7AC7E}.Ad-Hoc|Any CPU.Deploy.0 = Release|Any CPU
		{EE651B69-E133-4109-A0C5-91600DB7AC7E}.Ad-Hoc|ARM.ActiveCfg = Release|Any CPU
		{EE651B69-E133-4109-A0C5-91600DB7AC7E}.Ad-Hoc|ARM.Build.0 = Release|Any CPU
		{EE651B69-E133-4109-A0C5-91600DB7AC7E}.Ad-Hoc|ARM.Deploy.0 = Release|Any CPU
		{EE651B69-E133-4109-A0C5-91600DB7AC7E}.Ad-Hoc|iPhone.ActiveCfg = Release|Any CPU
		{EE651B69-E133-4109-A0C5-91600DB7AC7E}.Ad-Hoc|iPhone.Build.0 = Release|Any CPU
		{EE651B69-E133-4109-A0C5-91600DB7AC7E}.Ad-Hoc|iPhone.Deploy.0 = Release|Any CPU
		{EE651B69-E133-4109-A0C5-91600DB7AC7E}.Ad-Hoc|iPhoneSimulator.ActiveCfg = Release|Any CPU
		{EE651B69-E133-4109-A0C5-91600DB7AC7E}.Ad-Hoc|iPhoneSimulator.Build.0 = Release|Any CPU
		{EE651B69-E133-4109-A0C5-91600DB7AC7E}.Ad-Hoc|iPhoneSimulator.Deploy.0 = Release|Any CPU
		{EE651B69-E133-4109-A0C5-91600DB7AC7E}.Ad-Hoc|x64.ActiveCfg = Release|Any CPU
		{EE651B69-E133-4109-A0C5-91600DB7AC7E}.Ad-Hoc|x64.Build.0 = Release|Any CPU
		{EE651B69-E133-4109-A0C5-91600DB7AC7E}.Ad-Hoc|x64.Deploy.0 = Release|Any CPU
		{EE651B69-E133-4109-A0C5-91600DB7AC7E}.Ad-Hoc|x86.ActiveCfg = Release|Any CPU
		{EE651B69-E133-4109-A0C5-91600DB7AC7E}.Ad-Hoc|x86.Build.0 = Release|Any CPU
		{EE651B69-E133-4109-A0C5-91600DB7AC7E}.Ad-Hoc|x86.Deploy.0 = Release|Any CPU
		{EE651B69-E133-4109-A0C5-91600DB7AC7E}.AppStore|Any CPU.ActiveCfg = Release|Any CPU
		{EE651B69-E133-4109-A0C5-91600DB7AC7E}.AppStore|Any CPU.Build.0 = Release|Any CPU
		{EE651B69-E133-4109-A0C5-91600DB7AC7E}.AppStore|Any CPU.Deploy.0 = Release|Any CPU
		{EE651B69-E133-4109-A0C5-91600DB7AC7E}.AppStore|ARM.ActiveCfg = Release|Any CPU
		{EE651B69-E133-4109-A0C5-91600DB7AC7E}.AppStore|ARM.Build.0 = Release|Any CPU
		{EE651B69-E133-4109-A0C5-91600DB7AC7E}.AppStore|ARM.Deploy.0 = Release|Any CPU
		{EE651B69-E133-4109-A0C5-91600DB7AC7E}.AppStore|iPhone.ActiveCfg = Release|Any CPU
		{EE651B69-E133-4109-A0C5-91600DB7AC7E}.AppStore|iPhone.Build.0 = Release|Any CPU
		{EE651B69-E133-4109-A0C5-91600DB7AC7E}.AppStore|iPhone.Deploy.0 = Release|Any CPU
		{EE651B69-E133-4109-A0C5-91600DB7AC7E}.AppStore|iPhoneSimulator.ActiveCfg = Release|Any CPU
		{EE651B69-E133-4109-A0C5-91600DB7AC7E}.AppStore|iPhoneSimulator.Build.0 = Release|Any CPU
		{EE651B69-E133-4109-A0C5-91600DB7AC7E}.AppStore|iPhoneSimulator.Deploy.0 = Release|Any CPU
		{EE651B69-E133-4109-A0C5-91600DB7AC7E}.AppStore|x64.ActiveCfg = Release|Any CPU
		{EE651B69-E133-4109-A0C5-91600DB7AC7E}.AppStore|x64.Build.0 = Release|Any CPU
		{EE651B69-E133-4109-A0C5-91600DB7AC7E}.AppStore|x64.Deploy.0 = Release|Any CPU
		{EE651B69-E133-4109-A0C5-91600DB7AC7E}.AppStore|x86.ActiveCfg = Release|Any CPU
		{EE651B69-E133-4109-A0C5-91600DB7AC7E}.AppStore|x86.Build.0 = Release|Any CPU
		{EE651B69-E133-4109-A0C5-91600DB7AC7E}.AppStore|x86.Deploy.0 = Release|Any CPU
		{EE651B69-E133-4109-A0C5-91600DB7AC7E}.Debug|Any CPU.ActiveCfg = Debug|Any CPU
		{EE651B69-E133-4109-A0C5-91600DB7AC7E}.Debug|Any CPU.Build.0 = Debug|Any CPU
		{EE651B69-E133-4109-A0C5-91600DB7AC7E}.Debug|Any CPU.Deploy.0 = Debug|Any CPU
		{EE651B69-E133-4109-A0C5-91600DB7AC7E}.Debug|ARM.ActiveCfg = Debug|Any CPU
		{EE651B69-E133-4109-A0C5-91600DB7AC7E}.Debug|ARM.Build.0 = Debug|Any CPU
		{EE651B69-E133-4109-A0C5-91600DB7AC7E}.Debug|ARM.Deploy.0 = Debug|Any CPU
		{EE651B69-E133-4109-A0C5-91600DB7AC7E}.Debug|iPhone.ActiveCfg = Debug|Any CPU
		{EE651B69-E133-4109-A0C5-91600DB7AC7E}.Debug|iPhone.Build.0 = Debug|Any CPU
		{EE651B69-E133-4109-A0C5-91600DB7AC7E}.Debug|iPhone.Deploy.0 = Debug|Any CPU
		{EE651B69-E133-4109-A0C5-91600DB7AC7E}.Debug|iPhoneSimulator.ActiveCfg = Debug|Any CPU
		{EE651B69-E133-4109-A0C5-91600DB7AC7E}.Debug|iPhoneSimulator.Build.0 = Debug|Any CPU
		{EE651B69-E133-4109-A0C5-91600DB7AC7E}.Debug|iPhoneSimulator.Deploy.0 = Debug|Any CPU
		{EE651B69-E133-4109-A0C5-91600DB7AC7E}.Debug|x64.ActiveCfg = Debug|Any CPU
		{EE651B69-E133-4109-A0C5-91600DB7AC7E}.Debug|x64.Build.0 = Debug|Any CPU
		{EE651B69-E133-4109-A0C5-91600DB7AC7E}.Debug|x64.Deploy.0 = Debug|Any CPU
		{EE651B69-E133-4109-A0C5-91600DB7AC7E}.Debug|x86.ActiveCfg = Debug|Any CPU
		{EE651B69-E133-4109-A0C5-91600DB7AC7E}.Debug|x86.Build.0 = Debug|Any CPU
		{EE651B69-E133-4109-A0C5-91600DB7AC7E}.Debug|x86.Deploy.0 = Debug|Any CPU
		{EE651B69-E133-4109-A0C5-91600DB7AC7E}.Release|Any CPU.ActiveCfg = Release|Any CPU
		{EE651B69-E133-4109-A0C5-91600DB7AC7E}.Release|Any CPU.Build.0 = Release|Any CPU
		{EE651B69-E133-4109-A0C5-91600DB7AC7E}.Release|Any CPU.Deploy.0 = Release|Any CPU
		{EE651B69-E133-4109-A0C5-91600DB7AC7E}.Release|ARM.ActiveCfg = Release|Any CPU
		{EE651B69-E133-4109-A0C5-91600DB7AC7E}.Release|ARM.Build.0 = Release|Any CPU
		{EE651B69-E133-4109-A0C5-91600DB7AC7E}.Release|ARM.Deploy.0 = Release|Any CPU
		{EE651B69-E133-4109-A0C5-91600DB7AC7E}.Release|iPhone.ActiveCfg = Release|Any CPU
		{EE651B69-E133-4109-A0C5-91600DB7AC7E}.Release|iPhone.Build.0 = Release|Any CPU
		{EE651B69-E133-4109-A0C5-91600DB7AC7E}.Release|iPhone.Deploy.0 = Release|Any CPU
		{EE651B69-E133-4109-A0C5-91600DB7AC7E}.Release|iPhoneSimulator.ActiveCfg = Release|Any CPU
		{EE651B69-E133-4109-A0C5-91600DB7AC7E}.Release|iPhoneSimulator.Build.0 = Release|Any CPU
		{EE651B69-E133-4109-A0C5-91600DB7AC7E}.Release|iPhoneSimulator.Deploy.0 = Release|Any CPU
		{EE651B69-E133-4109-A0C5-91600DB7AC7E}.Release|x64.ActiveCfg = Release|Any CPU
		{EE651B69-E133-4109-A0C5-91600DB7AC7E}.Release|x64.Build.0 = Release|Any CPU
		{EE651B69-E133-4109-A0C5-91600DB7AC7E}.Release|x64.Deploy.0 = Release|Any CPU
		{EE651B69-E133-4109-A0C5-91600DB7AC7E}.Release|x86.ActiveCfg = Release|Any CPU
		{EE651B69-E133-4109-A0C5-91600DB7AC7E}.Release|x86.Build.0 = Release|Any CPU
		{EE651B69-E133-4109-A0C5-91600DB7AC7E}.Release|x86.Deploy.0 = Release|Any CPU
		{74E1C7FB-4121-4D01-9940-75A832C8C190}.Ad-Hoc|Any CPU.ActiveCfg = Ad-Hoc|iPhone
		{74E1C7FB-4121-4D01-9940-75A832C8C190}.Ad-Hoc|ARM.ActiveCfg = Ad-Hoc|iPhone
		{74E1C7FB-4121-4D01-9940-75A832C8C190}.Ad-Hoc|iPhone.ActiveCfg = Ad-Hoc|iPhone
		{74E1C7FB-4121-4D01-9940-75A832C8C190}.Ad-Hoc|iPhone.Build.0 = Ad-Hoc|iPhone
		{74E1C7FB-4121-4D01-9940-75A832C8C190}.Ad-Hoc|iPhoneSimulator.ActiveCfg = Ad-Hoc|iPhoneSimulator
		{74E1C7FB-4121-4D01-9940-75A832C8C190}.Ad-Hoc|iPhoneSimulator.Build.0 = Ad-Hoc|iPhoneSimulator
		{74E1C7FB-4121-4D01-9940-75A832C8C190}.Ad-Hoc|x64.ActiveCfg = Ad-Hoc|iPhone
		{74E1C7FB-4121-4D01-9940-75A832C8C190}.Ad-Hoc|x86.ActiveCfg = Ad-Hoc|iPhone
		{74E1C7FB-4121-4D01-9940-75A832C8C190}.AppStore|Any CPU.ActiveCfg = AppStore|iPhone
		{74E1C7FB-4121-4D01-9940-75A832C8C190}.AppStore|ARM.ActiveCfg = AppStore|iPhone
		{74E1C7FB-4121-4D01-9940-75A832C8C190}.AppStore|iPhone.ActiveCfg = AppStore|iPhone
		{74E1C7FB-4121-4D01-9940-75A832C8C190}.AppStore|iPhone.Build.0 = AppStore|iPhone
		{74E1C7FB-4121-4D01-9940-75A832C8C190}.AppStore|iPhoneSimulator.ActiveCfg = AppStore|iPhoneSimulator
		{74E1C7FB-4121-4D01-9940-75A832C8C190}.AppStore|iPhoneSimulator.Build.0 = AppStore|iPhoneSimulator
		{74E1C7FB-4121-4D01-9940-75A832C8C190}.AppStore|x64.ActiveCfg = AppStore|iPhone
		{74E1C7FB-4121-4D01-9940-75A832C8C190}.AppStore|x86.ActiveCfg = AppStore|iPhone
		{74E1C7FB-4121-4D01-9940-75A832C8C190}.Debug|Any CPU.ActiveCfg = Debug|iPhone
		{74E1C7FB-4121-4D01-9940-75A832C8C190}.Debug|ARM.ActiveCfg = Debug|iPhone
		{74E1C7FB-4121-4D01-9940-75A832C8C190}.Debug|iPhone.ActiveCfg = Debug|iPhone
		{74E1C7FB-4121-4D01-9940-75A832C8C190}.Debug|iPhone.Build.0 = Debug|iPhone
		{74E1C7FB-4121-4D01-9940-75A832C8C190}.Debug|iPhoneSimulator.ActiveCfg = Debug|iPhoneSimulator
		{74E1C7FB-4121-4D01-9940-75A832C8C190}.Debug|iPhoneSimulator.Build.0 = Debug|iPhoneSimulator
		{74E1C7FB-4121-4D01-9940-75A832C8C190}.Debug|x64.ActiveCfg = Debug|iPhone
		{74E1C7FB-4121-4D01-9940-75A832C8C190}.Debug|x86.ActiveCfg = Debug|iPhone
		{74E1C7FB-4121-4D01-9940-75A832C8C190}.Release|Any CPU.ActiveCfg = Release|iPhone
		{74E1C7FB-4121-4D01-9940-75A832C8C190}.Release|ARM.ActiveCfg = Release|iPhone
		{74E1C7FB-4121-4D01-9940-75A832C8C190}.Release|iPhone.ActiveCfg = Release|iPhone
		{74E1C7FB-4121-4D01-9940-75A832C8C190}.Release|iPhone.Build.0 = Release|iPhone
		{74E1C7FB-4121-4D01-9940-75A832C8C190}.Release|iPhoneSimulator.ActiveCfg = Release|iPhoneSimulator
		{74E1C7FB-4121-4D01-9940-75A832C8C190}.Release|iPhoneSimulator.Build.0 = Release|iPhoneSimulator
		{74E1C7FB-4121-4D01-9940-75A832C8C190}.Release|x64.ActiveCfg = Release|iPhone
		{74E1C7FB-4121-4D01-9940-75A832C8C190}.Release|x86.ActiveCfg = Release|iPhone
		{B1190A27-C510-4100-96CC-01F3C7EB00B5}.Ad-Hoc|Any CPU.ActiveCfg = Release|x86
		{B1190A27-C510-4100-96CC-01F3C7EB00B5}.Ad-Hoc|Any CPU.Build.0 = Release|x86
		{B1190A27-C510-4100-96CC-01F3C7EB00B5}.Ad-Hoc|Any CPU.Deploy.0 = Release|x86
		{B1190A27-C510-4100-96CC-01F3C7EB00B5}.Ad-Hoc|ARM.ActiveCfg = Release|ARM
		{B1190A27-C510-4100-96CC-01F3C7EB00B5}.Ad-Hoc|ARM.Build.0 = Release|ARM
		{B1190A27-C510-4100-96CC-01F3C7EB00B5}.Ad-Hoc|ARM.Deploy.0 = Release|ARM
		{B1190A27-C510-4100-96CC-01F3C7EB00B5}.Ad-Hoc|iPhone.ActiveCfg = Release|x86
		{B1190A27-C510-4100-96CC-01F3C7EB00B5}.Ad-Hoc|iPhone.Build.0 = Release|x86
		{B1190A27-C510-4100-96CC-01F3C7EB00B5}.Ad-Hoc|iPhone.Deploy.0 = Release|x86
		{B1190A27-C510-4100-96CC-01F3C7EB00B5}.Ad-Hoc|iPhoneSimulator.ActiveCfg = Release|x86
		{B1190A27-C510-4100-96CC-01F3C7EB00B5}.Ad-Hoc|iPhoneSimulator.Build.0 = Release|x86
		{B1190A27-C510-4100-96CC-01F3C7EB00B5}.Ad-Hoc|iPhoneSimulator.Deploy.0 = Release|x86
		{B1190A27-C510-4100-96CC-01F3C7EB00B5}.Ad-Hoc|x64.ActiveCfg = Release|x64
		{B1190A27-C510-4100-96CC-01F3C7EB00B5}.Ad-Hoc|x64.Build.0 = Release|x64
		{B1190A27-C510-4100-96CC-01F3C7EB00B5}.Ad-Hoc|x64.Deploy.0 = Release|x64
		{B1190A27-C510-4100-96CC-01F3C7EB00B5}.Ad-Hoc|x86.ActiveCfg = Release|x86
		{B1190A27-C510-4100-96CC-01F3C7EB00B5}.Ad-Hoc|x86.Build.0 = Release|x86
		{B1190A27-C510-4100-96CC-01F3C7EB00B5}.Ad-Hoc|x86.Deploy.0 = Release|x86
		{B1190A27-C510-4100-96CC-01F3C7EB00B5}.AppStore|Any CPU.ActiveCfg = Release|x86
		{B1190A27-C510-4100-96CC-01F3C7EB00B5}.AppStore|Any CPU.Build.0 = Release|x86
		{B1190A27-C510-4100-96CC-01F3C7EB00B5}.AppStore|Any CPU.Deploy.0 = Release|x86
		{B1190A27-C510-4100-96CC-01F3C7EB00B5}.AppStore|ARM.ActiveCfg = Release|ARM
		{B1190A27-C510-4100-96CC-01F3C7EB00B5}.AppStore|ARM.Build.0 = Release|ARM
		{B1190A27-C510-4100-96CC-01F3C7EB00B5}.AppStore|ARM.Deploy.0 = Release|ARM
		{B1190A27-C510-4100-96CC-01F3C7EB00B5}.AppStore|iPhone.ActiveCfg = Release|x86
		{B1190A27-C510-4100-96CC-01F3C7EB00B5}.AppStore|iPhone.Build.0 = Release|x86
		{B1190A27-C510-4100-96CC-01F3C7EB00B5}.AppStore|iPhone.Deploy.0 = Release|x86
		{B1190A27-C510-4100-96CC-01F3C7EB00B5}.AppStore|iPhoneSimulator.ActiveCfg = Release|x86
		{B1190A27-C510-4100-96CC-01F3C7EB00B5}.AppStore|iPhoneSimulator.Build.0 = Release|x86
		{B1190A27-C510-4100-96CC-01F3C7EB00B5}.AppStore|iPhoneSimulator.Deploy.0 = Release|x86
		{B1190A27-C510-4100-96CC-01F3C7EB00B5}.AppStore|x64.ActiveCfg = Release|x64
		{B1190A27-C510-4100-96CC-01F3C7EB00B5}.AppStore|x64.Build.0 = Release|x64
		{B1190A27-C510-4100-96CC-01F3C7EB00B5}.AppStore|x64.Deploy.0 = Release|x64
		{B1190A27-C510-4100-96CC-01F3C7EB00B5}.AppStore|x86.ActiveCfg = Release|x86
		{B1190A27-C510-4100-96CC-01F3C7EB00B5}.AppStore|x86.Build.0 = Release|x86
		{B1190A27-C510-4100-96CC-01F3C7EB00B5}.AppStore|x86.Deploy.0 = Release|x86
		{B1190A27-C510-4100-96CC-01F3C7EB00B5}.Debug|Any CPU.ActiveCfg = Debug|x86
		{B1190A27-C510-4100-96CC-01F3C7EB00B5}.Debug|ARM.ActiveCfg = Debug|ARM
		{B1190A27-C510-4100-96CC-01F3C7EB00B5}.Debug|ARM.Build.0 = Debug|ARM
		{B1190A27-C510-4100-96CC-01F3C7EB00B5}.Debug|ARM.Deploy.0 = Debug|ARM
		{B1190A27-C510-4100-96CC-01F3C7EB00B5}.Debug|iPhone.ActiveCfg = Debug|x86
		{B1190A27-C510-4100-96CC-01F3C7EB00B5}.Debug|iPhoneSimulator.ActiveCfg = Debug|x86
		{B1190A27-C510-4100-96CC-01F3C7EB00B5}.Debug|x64.ActiveCfg = Debug|x64
		{B1190A27-C510-4100-96CC-01F3C7EB00B5}.Debug|x64.Build.0 = Debug|x64
		{B1190A27-C510-4100-96CC-01F3C7EB00B5}.Debug|x64.Deploy.0 = Debug|x64
		{B1190A27-C510-4100-96CC-01F3C7EB00B5}.Debug|x86.ActiveCfg = Debug|x86
		{B1190A27-C510-4100-96CC-01F3C7EB00B5}.Debug|x86.Build.0 = Debug|x86
		{B1190A27-C510-4100-96CC-01F3C7EB00B5}.Debug|x86.Deploy.0 = Debug|x86
		{B1190A27-C510-4100-96CC-01F3C7EB00B5}.Release|Any CPU.ActiveCfg = Release|x86
		{B1190A27-C510-4100-96CC-01F3C7EB00B5}.Release|ARM.ActiveCfg = Release|ARM
		{B1190A27-C510-4100-96CC-01F3C7EB00B5}.Release|ARM.Build.0 = Release|ARM
		{B1190A27-C510-4100-96CC-01F3C7EB00B5}.Release|ARM.Deploy.0 = Release|ARM
		{B1190A27-C510-4100-96CC-01F3C7EB00B5}.Release|iPhone.ActiveCfg = Release|x86
		{B1190A27-C510-4100-96CC-01F3C7EB00B5}.Release|iPhoneSimulator.ActiveCfg = Release|x86
		{B1190A27-C510-4100-96CC-01F3C7EB00B5}.Release|x64.ActiveCfg = Release|x64
		{B1190A27-C510-4100-96CC-01F3C7EB00B5}.Release|x64.Build.0 = Release|x64
		{B1190A27-C510-4100-96CC-01F3C7EB00B5}.Release|x64.Deploy.0 = Release|x64
		{B1190A27-C510-4100-96CC-01F3C7EB00B5}.Release|x86.ActiveCfg = Release|x86
		{B1190A27-C510-4100-96CC-01F3C7EB00B5}.Release|x86.Build.0 = Release|x86
		{B1190A27-C510-4100-96CC-01F3C7EB00B5}.Release|x86.Deploy.0 = Release|x86
		{B05E8854-93C7-4677-BE3D-A7A3E3AFB458}.Ad-Hoc|Any CPU.ActiveCfg = Debug|Any CPU
		{B05E8854-93C7-4677-BE3D-A7A3E3AFB458}.Ad-Hoc|Any CPU.Build.0 = Debug|Any CPU
		{B05E8854-93C7-4677-BE3D-A7A3E3AFB458}.Ad-Hoc|ARM.ActiveCfg = Debug|Any CPU
		{B05E8854-93C7-4677-BE3D-A7A3E3AFB458}.Ad-Hoc|ARM.Build.0 = Debug|Any CPU
		{B05E8854-93C7-4677-BE3D-A7A3E3AFB458}.Ad-Hoc|iPhone.ActiveCfg = Debug|Any CPU
		{B05E8854-93C7-4677-BE3D-A7A3E3AFB458}.Ad-Hoc|iPhone.Build.0 = Debug|Any CPU
		{B05E8854-93C7-4677-BE3D-A7A3E3AFB458}.Ad-Hoc|iPhoneSimulator.ActiveCfg = Debug|Any CPU
		{B05E8854-93C7-4677-BE3D-A7A3E3AFB458}.Ad-Hoc|iPhoneSimulator.Build.0 = Debug|Any CPU
		{B05E8854-93C7-4677-BE3D-A7A3E3AFB458}.Ad-Hoc|x64.ActiveCfg = Debug|Any CPU
		{B05E8854-93C7-4677-BE3D-A7A3E3AFB458}.Ad-Hoc|x64.Build.0 = Debug|Any CPU
		{B05E8854-93C7-4677-BE3D-A7A3E3AFB458}.Ad-Hoc|x86.ActiveCfg = Debug|Any CPU
		{B05E8854-93C7-4677-BE3D-A7A3E3AFB458}.Ad-Hoc|x86.Build.0 = Debug|Any CPU
		{B05E8854-93C7-4677-BE3D-A7A3E3AFB458}.AppStore|Any CPU.ActiveCfg = Debug|Any CPU
		{B05E8854-93C7-4677-BE3D-A7A3E3AFB458}.AppStore|Any CPU.Build.0 = Debug|Any CPU
		{B05E8854-93C7-4677-BE3D-A7A3E3AFB458}.AppStore|ARM.ActiveCfg = Debug|Any CPU
		{B05E8854-93C7-4677-BE3D-A7A3E3AFB458}.AppStore|ARM.Build.0 = Debug|Any CPU
		{B05E8854-93C7-4677-BE3D-A7A3E3AFB458}.AppStore|iPhone.ActiveCfg = Debug|Any CPU
		{B05E8854-93C7-4677-BE3D-A7A3E3AFB458}.AppStore|iPhone.Build.0 = Debug|Any CPU
		{B05E8854-93C7-4677-BE3D-A7A3E3AFB458}.AppStore|iPhoneSimulator.ActiveCfg = Debug|Any CPU
		{B05E8854-93C7-4677-BE3D-A7A3E3AFB458}.AppStore|iPhoneSimulator.Build.0 = Debug|Any CPU
		{B05E8854-93C7-4677-BE3D-A7A3E3AFB458}.AppStore|x64.ActiveCfg = Debug|Any CPU
		{B05E8854-93C7-4677-BE3D-A7A3E3AFB458}.AppStore|x64.Build.0 = Debug|Any CPU
		{B05E8854-93C7-4677-BE3D-A7A3E3AFB458}.AppStore|x86.ActiveCfg = Debug|Any CPU
		{B05E8854-93C7-4677-BE3D-A7A3E3AFB458}.AppStore|x86.Build.0 = Debug|Any CPU
		{B05E8854-93C7-4677-BE3D-A7A3E3AFB458}.Debug|Any CPU.ActiveCfg = Debug|Any CPU
		{B05E8854-93C7-4677-BE3D-A7A3E3AFB458}.Debug|Any CPU.Build.0 = Debug|Any CPU
		{B05E8854-93C7-4677-BE3D-A7A3E3AFB458}.Debug|ARM.ActiveCfg = Debug|Any CPU
		{B05E8854-93C7-4677-BE3D-A7A3E3AFB458}.Debug|ARM.Build.0 = Debug|Any CPU
		{B05E8854-93C7-4677-BE3D-A7A3E3AFB458}.Debug|iPhone.ActiveCfg = Debug|Any CPU
		{B05E8854-93C7-4677-BE3D-A7A3E3AFB458}.Debug|iPhone.Build.0 = Debug|Any CPU
		{B05E8854-93C7-4677-BE3D-A7A3E3AFB458}.Debug|iPhoneSimulator.ActiveCfg = Debug|Any CPU
		{B05E8854-93C7-4677-BE3D-A7A3E3AFB458}.Debug|iPhoneSimulator.Build.0 = Debug|Any CPU
		{B05E8854-93C7-4677-BE3D-A7A3E3AFB458}.Debug|x64.ActiveCfg = Debug|Any CPU
		{B05E8854-93C7-4677-BE3D-A7A3E3AFB458}.Debug|x64.Build.0 = Debug|Any CPU
		{B05E8854-93C7-4677-BE3D-A7A3E3AFB458}.Debug|x86.ActiveCfg = Debug|Any CPU
		{B05E8854-93C7-4677-BE3D-A7A3E3AFB458}.Debug|x86.Build.0 = Debug|Any CPU
		{B05E8854-93C7-4677-BE3D-A7A3E3AFB458}.Release|Any CPU.ActiveCfg = Release|Any CPU
		{B05E8854-93C7-4677-BE3D-A7A3E3AFB458}.Release|Any CPU.Build.0 = Release|Any CPU
		{B05E8854-93C7-4677-BE3D-A7A3E3AFB458}.Release|ARM.ActiveCfg = Release|Any CPU
		{B05E8854-93C7-4677-BE3D-A7A3E3AFB458}.Release|ARM.Build.0 = Release|Any CPU
		{B05E8854-93C7-4677-BE3D-A7A3E3AFB458}.Release|iPhone.ActiveCfg = Release|Any CPU
		{B05E8854-93C7-4677-BE3D-A7A3E3AFB458}.Release|iPhone.Build.0 = Release|Any CPU
		{B05E8854-93C7-4677-BE3D-A7A3E3AFB458}.Release|iPhoneSimulator.ActiveCfg = Release|Any CPU
		{B05E8854-93C7-4677-BE3D-A7A3E3AFB458}.Release|iPhoneSimulator.Build.0 = Release|Any CPU
		{B05E8854-93C7-4677-BE3D-A7A3E3AFB458}.Release|x64.ActiveCfg = Release|Any CPU
		{B05E8854-93C7-4677-BE3D-A7A3E3AFB458}.Release|x64.Build.0 = Release|Any CPU
		{B05E8854-93C7-4677-BE3D-A7A3E3AFB458}.Release|x86.ActiveCfg = Release|Any CPU
		{B05E8854-93C7-4677-BE3D-A7A3E3AFB458}.Release|x86.Build.0 = Release|Any CPU
		{D772228F-B107-4EF3-B673-D31ADF2B8F75}.Ad-Hoc|Any CPU.ActiveCfg = Debug|Any CPU
		{D772228F-B107-4EF3-B673-D31ADF2B8F75}.Ad-Hoc|Any CPU.Build.0 = Debug|Any CPU
		{D772228F-B107-4EF3-B673-D31ADF2B8F75}.Ad-Hoc|ARM.ActiveCfg = Debug|Any CPU
		{D772228F-B107-4EF3-B673-D31ADF2B8F75}.Ad-Hoc|ARM.Build.0 = Debug|Any CPU
		{D772228F-B107-4EF3-B673-D31ADF2B8F75}.Ad-Hoc|iPhone.ActiveCfg = Debug|Any CPU
		{D772228F-B107-4EF3-B673-D31ADF2B8F75}.Ad-Hoc|iPhone.Build.0 = Debug|Any CPU
		{D772228F-B107-4EF3-B673-D31ADF2B8F75}.Ad-Hoc|iPhoneSimulator.ActiveCfg = Debug|Any CPU
		{D772228F-B107-4EF3-B673-D31ADF2B8F75}.Ad-Hoc|iPhoneSimulator.Build.0 = Debug|Any CPU
		{D772228F-B107-4EF3-B673-D31ADF2B8F75}.Ad-Hoc|x64.ActiveCfg = Debug|Any CPU
		{D772228F-B107-4EF3-B673-D31ADF2B8F75}.Ad-Hoc|x64.Build.0 = Debug|Any CPU
		{D772228F-B107-4EF3-B673-D31ADF2B8F75}.Ad-Hoc|x86.ActiveCfg = Debug|Any CPU
		{D772228F-B107-4EF3-B673-D31ADF2B8F75}.Ad-Hoc|x86.Build.0 = Debug|Any CPU
		{D772228F-B107-4EF3-B673-D31ADF2B8F75}.AppStore|Any CPU.ActiveCfg = Debug|Any CPU
		{D772228F-B107-4EF3-B673-D31ADF2B8F75}.AppStore|Any CPU.Build.0 = Debug|Any CPU
		{D772228F-B107-4EF3-B673-D31ADF2B8F75}.AppStore|ARM.ActiveCfg = Debug|Any CPU
		{D772228F-B107-4EF3-B673-D31ADF2B8F75}.AppStore|ARM.Build.0 = Debug|Any CPU
		{D772228F-B107-4EF3-B673-D31ADF2B8F75}.AppStore|iPhone.ActiveCfg = Debug|Any CPU
		{D772228F-B107-4EF3-B673-D31ADF2B8F75}.AppStore|iPhone.Build.0 = Debug|Any CPU
		{D772228F-B107-4EF3-B673-D31ADF2B8F75}.AppStore|iPhoneSimulator.ActiveCfg = Debug|Any CPU
		{D772228F-B107-4EF3-B673-D31ADF2B8F75}.AppStore|iPhoneSimulator.Build.0 = Debug|Any CPU
		{D772228F-B107-4EF3-B673-D31ADF2B8F75}.AppStore|x64.ActiveCfg = Debug|Any CPU
		{D772228F-B107-4EF3-B673-D31ADF2B8F75}.AppStore|x64.Build.0 = Debug|Any CPU
		{D772228F-B107-4EF3-B673-D31ADF2B8F75}.AppStore|x86.ActiveCfg = Debug|Any CPU
		{D772228F-B107-4EF3-B673-D31ADF2B8F75}.AppStore|x86.Build.0 = Debug|Any CPU
		{D772228F-B107-4EF3-B673-D31ADF2B8F75}.Debug|Any CPU.ActiveCfg = Debug|Any CPU
		{D772228F-B107-4EF3-B673-D31ADF2B8F75}.Debug|Any CPU.Build.0 = Debug|Any CPU
		{D772228F-B107-4EF3-B673-D31ADF2B8F75}.Debug|ARM.ActiveCfg = Debug|Any CPU
		{D772228F-B107-4EF3-B673-D31ADF2B8F75}.Debug|ARM.Build.0 = Debug|Any CPU
		{D772228F-B107-4EF3-B673-D31ADF2B8F75}.Debug|iPhone.ActiveCfg = Debug|Any CPU
		{D772228F-B107-4EF3-B673-D31ADF2B8F75}.Debug|iPhone.Build.0 = Debug|Any CPU
		{D772228F-B107-4EF3-B673-D31ADF2B8F75}.Debug|iPhoneSimulator.ActiveCfg = Debug|Any CPU
		{D772228F-B107-4EF3-B673-D31ADF2B8F75}.Debug|iPhoneSimulator.Build.0 = Debug|Any CPU
		{D772228F-B107-4EF3-B673-D31ADF2B8F75}.Debug|x64.ActiveCfg = Debug|Any CPU
		{D772228F-B107-4EF3-B673-D31ADF2B8F75}.Debug|x64.Build.0 = Debug|Any CPU
		{D772228F-B107-4EF3-B673-D31ADF2B8F75}.Debug|x86.ActiveCfg = Debug|Any CPU
		{D772228F-B107-4EF3-B673-D31ADF2B8F75}.Debug|x86.Build.0 = Debug|Any CPU
		{D772228F-B107-4EF3-B673-D31ADF2B8F75}.Release|Any CPU.ActiveCfg = Release|Any CPU
		{D772228F-B107-4EF3-B673-D31ADF2B8F75}.Release|Any CPU.Build.0 = Release|Any CPU
		{D772228F-B107-4EF3-B673-D31ADF2B8F75}.Release|ARM.ActiveCfg = Release|Any CPU
		{D772228F-B107-4EF3-B673-D31ADF2B8F75}.Release|ARM.Build.0 = Release|Any CPU
		{D772228F-B107-4EF3-B673-D31ADF2B8F75}.Release|iPhone.ActiveCfg = Release|Any CPU
		{D772228F-B107-4EF3-B673-D31ADF2B8F75}.Release|iPhone.Build.0 = Release|Any CPU
		{D772228F-B107-4EF3-B673-D31ADF2B8F75}.Release|iPhoneSimulator.ActiveCfg = Release|Any CPU
		{D772228F-B107-4EF3-B673-D31ADF2B8F75}.Release|iPhoneSimulator.Build.0 = Release|Any CPU
		{D772228F-B107-4EF3-B673-D31ADF2B8F75}.Release|x64.ActiveCfg = Release|Any CPU
		{D772228F-B107-4EF3-B673-D31ADF2B8F75}.Release|x64.Build.0 = Release|Any CPU
		{D772228F-B107-4EF3-B673-D31ADF2B8F75}.Release|x86.ActiveCfg = Release|Any CPU
		{D772228F-B107-4EF3-B673-D31ADF2B8F75}.Release|x86.Build.0 = Release|Any CPU
	EndGlobalSection
	GlobalSection(SolutionProperties) = preSolution
		HideSolutionNode = FALSE
	EndGlobalSection
	GlobalSection(ExtensibilityGlobals) = postSolution
		SolutionGuid = {62A465FF-C25A-4BAA-9A31-1147AB4E961E}
	EndGlobalSection
EndGlobal
