
Microsoft Visual Studio Solution File, Format Version 12.00
# Visual Studio 15
VisualStudioVersion = 15.0.27130.2024
MinimumVisualStudioVersion = 10.0.40219.1
Project("{FAE04EC0-301F-11D3-BF4B-00C04F79EFBC}") = "TicTacToe.Android", "TicTacToe\TicTacToe.Android\TicTacToe.Android.csproj", "{575EDF23-8E97-4F64-A86B-B2DB6B3AF15A}"
EndProject
Project("{FAE04EC0-301F-11D3-BF4B-00C04F79EFBC}") = "TicTacToe.UWP", "TicTacToe\TicTacToe.UWP\TicTacToe.UWP.csproj", "{3A5E571B-46B9-49BF-82BE-07AA5FFD1A84}"
EndProject
Project("{FAE04EC0-301F-11D3-BF4B-00C04F79EFBC}") = "TicTacToe", "TicTacToe\TicTacToe\TicTacToe.csproj", "{7EDE7607-1DD3-438E-A49F-12C29BFB8122}"
EndProject
Global
	GlobalSection(SolutionConfigurationPlatforms) = preSolution
		Debug|Any CPU = Debug|Any CPU
		Debug|ARM = Debug|ARM
		Debug|x64 = Debug|x64
		Debug|x86 = Debug|x86
		Release|Any CPU = Release|Any CPU
		Release|ARM = Release|ARM
		Release|x64 = Release|x64
		Release|x86 = Release|x86
	EndGlobalSection
	GlobalSection(ProjectConfigurationPlatforms) = postSolution
		{575EDF23-8E97-4F64-A86B-B2DB6B3AF15A}.Debug|Any CPU.ActiveCfg = Debug|Any CPU
		{575EDF23-8E97-4F64-A86B-B2DB6B3AF15A}.Debug|Any CPU.Build.0 = Debug|Any CPU
		{575EDF23-8E97-4F64-A86B-B2DB6B3AF15A}.Debug|Any CPU.Deploy.0 = Debug|Any CPU
		{575EDF23-8E97-4F64-A86B-B2DB6B3AF15A}.Debug|ARM.ActiveCfg = Debug|Any CPU
		{575EDF23-8E97-4F64-A86B-B2DB6B3AF15A}.Debug|ARM.Build.0 = Debug|Any CPU
		{575EDF23-8E97-4F64-A86B-B2DB6B3AF15A}.Debug|ARM.Deploy.0 = Debug|Any CPU
		{575EDF23-8E97-4F64-A86B-B2DB6B3AF15A}.Debug|x64.ActiveCfg = Debug|Any CPU
		{575EDF23-8E97-4F64-A86B-B2DB6B3AF15A}.Debug|x64.Build.0 = Debug|Any CPU
		{575EDF23-8E97-4F64-A86B-B2DB6B3AF15A}.Debug|x64.Deploy.0 = Debug|Any CPU
		{575EDF23-8E97-4F64-A86B-B2DB6B3AF15A}.Debug|x86.ActiveCfg = Debug|Any CPU
		{575EDF23-8E97-4F64-A86B-B2DB6B3AF15A}.Debug|x86.Build.0 = Debug|Any CPU
		{575EDF23-8E97-4F64-A86B-B2DB6B3AF15A}.Debug|x86.Deploy.0 = Debug|Any CPU
		{575EDF23-8E97-4F64-A86B-B2DB6B3AF15A}.Release|Any CPU.ActiveCfg = Release|Any CPU
		{575EDF23-8E97-4F64-A86B-B2DB6B3AF15A}.Release|Any CPU.Build.0 = Release|Any CPU
		{575EDF23-8E97-4F64-A86B-B2DB6B3AF15A}.Release|Any CPU.Deploy.0 = Release|Any CPU
		{575EDF23-8E97-4F64-A86B-B2DB6B3AF15A}.Release|ARM.ActiveCfg = Release|Any CPU
		{575EDF23-8E97-4F64-A86B-B2DB6B3AF15A}.Release|ARM.Build.0 = Release|Any CPU
		{575EDF23-8E97-4F64-A86B-B2DB6B3AF15A}.Release|ARM.Deploy.0 = Release|Any CPU
		{575EDF23-8E97-4F64-A86B-B2DB6B3AF15A}.Release|x64.ActiveCfg = Release|Any CPU
		{575EDF23-8E97-4F64-A86B-B2DB6B3AF15A}.Release|x64.Build.0 = Release|Any CPU
		{575EDF23-8E97-4F64-A86B-B2DB6B3AF15A}.Release|x64.Deploy.0 = Release|Any CPU
		{575EDF23-8E97-4F64-A86B-B2DB6B3AF15A}.Release|x86.ActiveCfg = Release|Any CPU
		{575EDF23-8E97-4F64-A86B-B2DB6B3AF15A}.Release|x86.Build.0 = Release|Any CPU
		{575EDF23-8E97-4F64-A86B-B2DB6B3AF15A}.Release|x86.Deploy.0 = Release|Any CPU
		{3A5E571B-46B9-49BF-82BE-07AA5FFD1A84}.Debug|Any CPU.ActiveCfg = Debug|x86
		{3A5E571B-46B9-49BF-82BE-07AA5FFD1A84}.Debug|ARM.ActiveCfg = Debug|ARM
		{3A5E571B-46B9-49BF-82BE-07AA5FFD1A84}.Debug|ARM.Build.0 = Debug|ARM
		{3A5E571B-46B9-49BF-82BE-07AA5FFD1A84}.Debug|ARM.Deploy.0 = Debug|ARM
		{3A5E571B-46B9-49BF-82BE-07AA5FFD1A84}.Debug|x64.ActiveCfg = Debug|x64
		{3A5E571B-46B9-49BF-82BE-07AA5FFD1A84}.Debug|x64.Build.0 = Debug|x64
		{3A5E571B-46B9-49BF-82BE-07AA5FFD1A84}.Debug|x64.Deploy.0 = Debug|x64
		{3A5E571B-46B9-49BF-82BE-07AA5FFD1A84}.Debug|x86.ActiveCfg = Debug|x86
		{3A5E571B-46B9-49BF-82BE-07AA5FFD1A84}.Debug|x86.Build.0 = Debug|x86
		{3A5E571B-46B9-49BF-82BE-07AA5FFD1A84}.Debug|x86.Deploy.0 = Debug|x86
		{3A5E571B-46B9-49BF-82BE-07AA5FFD1A84}.Release|Any CPU.ActiveCfg = Release|x86
		{3A5E571B-46B9-49BF-82BE-07AA5FFD1A84}.Release|ARM.ActiveCfg = Release|ARM
		{3A5E571B-46B9-49BF-82BE-07AA5FFD1A84}.Release|ARM.Build.0 = Release|ARM
		{3A5E571B-46B9-49BF-82BE-07AA5FFD1A84}.Release|ARM.Deploy.0 = Release|ARM
		{3A5E571B-46B9-49BF-82BE-07AA5FFD1A84}.Release|x64.ActiveCfg = Release|x64
		{3A5E571B-46B9-49BF-82BE-07AA5FFD1A84}.Release|x64.Build.0 = Release|x64
		{3A5E571B-46B9-49BF-82BE-07AA5FFD1A84}.Release|x64.Deploy.0 = Release|x64
		{3A5E571B-46B9-49BF-82BE-07AA5FFD1A84}.Release|x86.ActiveCfg = Release|x86
		{3A5E571B-46B9-49BF-82BE-07AA5FFD1A84}.Release|x86.Build.0 = Release|x86
		{3A5E571B-46B9-49BF-82BE-07AA5FFD1A84}.Release|x86.Deploy.0 = Release|x86
		{7EDE7607-1DD3-438E-A49F-12C29BFB8122}.Debug|Any CPU.ActiveCfg = Debug|Any CPU
		{7EDE7607-1DD3-438E-A49F-12C29BFB8122}.Debug|Any CPU.Build.0 = Debug|Any CPU
		{7EDE7607-1DD3-438E-A49F-12C29BFB8122}.Debug|ARM.ActiveCfg = Debug|Any CPU
		{7EDE7607-1DD3-438E-A49F-12C29BFB8122}.Debug|ARM.Build.0 = Debug|Any CPU
		{7EDE7607-1DD3-438E-A49F-12C29BFB8122}.Debug|x64.ActiveCfg = Debug|Any CPU
		{7EDE7607-1DD3-438E-A49F-12C29BFB8122}.Debug|x64.Build.0 = Debug|Any CPU
		{7EDE7607-1DD3-438E-A49F-12C29BFB8122}.Debug|x86.ActiveCfg = Debug|Any CPU
		{7EDE7607-1DD3-438E-A49F-12C29BFB8122}.Debug|x86.Build.0 = Debug|Any CPU
		{7EDE7607-1DD3-438E-A49F-12C29BFB8122}.Release|Any CPU.ActiveCfg = Release|Any CPU
		{7EDE7607-1DD3-438E-A49F-12C29BFB8122}.Release|Any CPU.Build.0 = Release|Any CPU
		{7EDE7607-1DD3-438E-A49F-12C29BFB8122}.Release|ARM.ActiveCfg = Release|Any CPU
		{7EDE7607-1DD3-438E-A49F-12C29BFB8122}.Release|ARM.Build.0 = Release|Any CPU
		{7EDE7607-1DD3-438E-A49F-12C29BFB8122}.Release|x64.ActiveCfg = Release|Any CPU
		{7EDE7607-1DD3-438E-A49F-12C29BFB8122}.Release|x64.Build.0 = Release|Any CPU
		{7EDE7607-1DD3-438E-A49F-12C29BFB8122}.Release|x86.ActiveCfg = Release|Any CPU
		{7EDE7607-1DD3-438E-A49F-12C29BFB8122}.Release|x86.Build.0 = Release|Any CPU
	EndGlobalSection
	GlobalSection(SolutionProperties) = preSolution
		HideSolutionNode = FALSE
	EndGlobalSection
	GlobalSection(ExtensibilityGlobals) = postSolution
		SolutionGuid = {B822B1C9-EE4C-44D9-9418-5E6BEE4B491D}
	EndGlobalSection
EndGlobal
