
Microsoft Visual Studio Solution File, Format Version 12.00
# Visual Studio 15
VisualStudioVersion = 15.0.27130.2026
MinimumVisualStudioVersion = 10.0.40219.1
Project("{FAE04EC0-301F-11D3-BF4B-00C04F79EFBC}") = "CatchTheMouse.Android", "CatchTheMouse\CatchTheMouse.Android\CatchTheMouse.Android.csproj", "{1D8142F1-C32E-46D5-A3A6-0A2573BEDF04}"
EndProject
Project("{FAE04EC0-301F-11D3-BF4B-00C04F79EFBC}") = "CatchTheMouse.iOS", "CatchTheMouse\CatchTheMouse.iOS\CatchTheMouse.iOS.csproj", "{0F7B2E17-7B30-4B2D-8FB3-7E425C8C30F8}"
EndProject
Project("{FAE04EC0-301F-11D3-BF4B-00C04F79EFBC}") = "CatchTheMouse.UWP", "CatchTheMouse\CatchTheMouse.UWP\CatchTheMouse.UWP.csproj", "{C7026923-9051-4C98-B9DA-341CDCDD3E70}"
EndProject
Project("{FAE04EC0-301F-11D3-BF4B-00C04F79EFBC}") = "CatchTheMouse", "CatchTheMouse\CatchTheMouse\CatchTheMouse.csproj", "{560A6D36-A887-4280-B0D5-0B759639EFDF}"
EndProject
Global
	GlobalSection(SolutionConfigurationPlatforms) = preSolution
		Ad-Hoc|Any CPU = Ad-Hoc|Any CPU
		Ad-Hoc|ARM = Ad-Hoc|ARM
		Ad-Hoc|iPhone = Ad-Hoc|iPhone
		Ad-Hoc|iPhoneSimulator = Ad-Hoc|iPhoneSimulator
		Ad-Hoc|x64 = Ad-Hoc|x64
		Ad-Hoc|x86 = Ad-Hoc|x86
		AppStore|Any CPU = AppStore|Any CPU
		AppStore|ARM = AppStore|ARM
		AppStore|iPhone = AppStore|iPhone
		AppStore|iPhoneSimulator = AppStore|iPhoneSimulator
		AppStore|x64 = AppStore|x64
		AppStore|x86 = AppStore|x86
		Debug|Any CPU = Debug|Any CPU
		Debug|ARM = Debug|ARM
		Debug|iPhone = Debug|iPhone
		Debug|iPhoneSimulator = Debug|iPhoneSimulator
		Debug|x64 = Debug|x64
		Debug|x86 = Debug|x86
		Release|Any CPU = Release|Any CPU
		Release|ARM = Release|ARM
		Release|iPhone = Release|iPhone
		Release|iPhoneSimulator = Release|iPhoneSimulator
		Release|x64 = Release|x64
		Release|x86 = Release|x86
	EndGlobalSection
	GlobalSection(ProjectConfigurationPlatforms) = postSolution
		{1D8142F1-C32E-46D5-A3A6-0A2573BEDF04}.Ad-Hoc|Any CPU.ActiveCfg = Release|Any CPU
		{1D8142F1-C32E-46D5-A3A6-0A2573BEDF04}.Ad-Hoc|Any CPU.Build.0 = Release|Any CPU
		{1D8142F1-C32E-46D5-A3A6-0A2573BEDF04}.Ad-Hoc|Any CPU.Deploy.0 = Release|Any CPU
		{1D8142F1-C32E-46D5-A3A6-0A2573BEDF04}.Ad-Hoc|ARM.ActiveCfg = Release|Any CPU
		{1D8142F1-C32E-46D5-A3A6-0A2573BEDF04}.Ad-Hoc|ARM.Build.0 = Release|Any CPU
		{1D8142F1-C32E-46D5-A3A6-0A2573BEDF04}.Ad-Hoc|ARM.Deploy.0 = Release|Any CPU
		{1D8142F1-C32E-46D5-A3A6-0A2573BEDF04}.Ad-Hoc|iPhone.ActiveCfg = Release|Any CPU
		{1D8142F1-C32E-46D5-A3A6-0A2573BEDF04}.Ad-Hoc|iPhone.Build.0 = Release|Any CPU
		{1D8142F1-C32E-46D5-A3A6-0A2573BEDF04}.Ad-Hoc|iPhone.Deploy.0 = Release|Any CPU
		{1D8142F1-C32E-46D5-A3A6-0A2573BEDF04}.Ad-Hoc|iPhoneSimulator.ActiveCfg = Release|Any CPU
		{1D8142F1-C32E-46D5-A3A6-0A2573BEDF04}.Ad-Hoc|iPhoneSimulator.Build.0 = Release|Any CPU
		{1D8142F1-C32E-46D5-A3A6-0A2573BEDF04}.Ad-Hoc|iPhoneSimulator.Deploy.0 = Release|Any CPU
		{1D8142F1-C32E-46D5-A3A6-0A2573BEDF04}.Ad-Hoc|x64.ActiveCfg = Release|Any CPU
		{1D8142F1-C32E-46D5-A3A6-0A2573BEDF04}.Ad-Hoc|x64.Build.0 = Release|Any CPU
		{1D8142F1-C32E-46D5-A3A6-0A2573BEDF04}.Ad-Hoc|x64.Deploy.0 = Release|Any CPU
		{1D8142F1-C32E-46D5-A3A6-0A2573BEDF04}.Ad-Hoc|x86.ActiveCfg = Release|Any CPU
		{1D8142F1-C32E-46D5-A3A6-0A2573BEDF04}.Ad-Hoc|x86.Build.0 = Release|Any CPU
		{1D8142F1-C32E-46D5-A3A6-0A2573BEDF04}.Ad-Hoc|x86.Deploy.0 = Release|Any CPU
		{1D8142F1-C32E-46D5-A3A6-0A2573BEDF04}.AppStore|Any CPU.ActiveCfg = Release|Any CPU
		{1D8142F1-C32E-46D5-A3A6-0A2573BEDF04}.AppStore|Any CPU.Build.0 = Release|Any CPU
		{1D8142F1-C32E-46D5-A3A6-0A2573BEDF04}.AppStore|Any CPU.Deploy.0 = Release|Any CPU
		{1D8142F1-C32E-46D5-A3A6-0A2573BEDF04}.AppStore|ARM.ActiveCfg = Release|Any CPU
		{1D8142F1-C32E-46D5-A3A6-0A2573BEDF04}.AppStore|ARM.Build.0 = Release|Any CPU
		{1D8142F1-C32E-46D5-A3A6-0A2573BEDF04}.AppStore|ARM.Deploy.0 = Release|Any CPU
		{1D8142F1-C32E-46D5-A3A6-0A2573BEDF04}.AppStore|iPhone.ActiveCfg = Release|Any CPU
		{1D8142F1-C32E-46D5-A3A6-0A2573BEDF04}.AppStore|iPhone.Build.0 = Release|Any CPU
		{1D8142F1-C32E-46D5-A3A6-0A2573BEDF04}.AppStore|iPhone.Deploy.0 = Release|Any CPU
		{1D8142F1-C32E-46D5-A3A6-0A2573BEDF04}.AppStore|iPhoneSimulator.ActiveCfg = Release|Any CPU
		{1D8142F1-C32E-46D5-A3A6-0A2573BEDF04}.AppStore|iPhoneSimulator.Build.0 = Release|Any CPU
		{1D8142F1-C32E-46D5-A3A6-0A2573BEDF04}.AppStore|iPhoneSimulator.Deploy.0 = Release|Any CPU
		{1D8142F1-C32E-46D5-A3A6-0A2573BEDF04}.AppStore|x64.ActiveCfg = Release|Any CPU
		{1D8142F1-C32E-46D5-A3A6-0A2573BEDF04}.AppStore|x64.Build.0 = Release|Any CPU
		{1D8142F1-C32E-46D5-A3A6-0A2573BEDF04}.AppStore|x64.Deploy.0 = Release|Any CPU
		{1D8142F1-C32E-46D5-A3A6-0A2573BEDF04}.AppStore|x86.ActiveCfg = Release|Any CPU
		{1D8142F1-C32E-46D5-A3A6-0A2573BEDF04}.AppStore|x86.Build.0 = Release|Any CPU
		{1D8142F1-C32E-46D5-A3A6-0A2573BEDF04}.AppStore|x86.Deploy.0 = Release|Any CPU
		{1D8142F1-C32E-46D5-A3A6-0A2573BEDF04}.Debug|Any CPU.ActiveCfg = Debug|Any CPU
		{1D8142F1-C32E-46D5-A3A6-0A2573BEDF04}.Debug|Any CPU.Build.0 = Debug|Any CPU
		{1D8142F1-C32E-46D5-A3A6-0A2573BEDF04}.Debug|Any CPU.Deploy.0 = Debug|Any CPU
		{1D8142F1-C32E-46D5-A3A6-0A2573BEDF04}.Debug|ARM.ActiveCfg = Debug|Any CPU
		{1D8142F1-C32E-46D5-A3A6-0A2573BEDF04}.Debug|ARM.Build.0 = Debug|Any CPU
		{1D8142F1-C32E-46D5-A3A6-0A2573BEDF04}.Debug|ARM.Deploy.0 = Debug|Any CPU
		{1D8142F1-C32E-46D5-A3A6-0A2573BEDF04}.Debug|iPhone.ActiveCfg = Debug|Any CPU
		{1D8142F1-C32E-46D5-A3A6-0A2573BEDF04}.Debug|iPhone.Build.0 = Debug|Any CPU
		{1D8142F1-C32E-46D5-A3A6-0A2573BEDF04}.Debug|iPhone.Deploy.0 = Debug|Any CPU
		{1D8142F1-C32E-46D5-A3A6-0A2573BEDF04}.Debug|iPhoneSimulator.ActiveCfg = Debug|Any CPU
		{1D8142F1-C32E-46D5-A3A6-0A2573BEDF04}.Debug|iPhoneSimulator.Build.0 = Debug|Any CPU
		{1D8142F1-C32E-46D5-A3A6-0A2573BEDF04}.Debug|iPhoneSimulator.Deploy.0 = Debug|Any CPU
		{1D8142F1-C32E-46D5-A3A6-0A2573BEDF04}.Debug|x64.ActiveCfg = Debug|Any CPU
		{1D8142F1-C32E-46D5-A3A6-0A2573BEDF04}.Debug|x64.Build.0 = Debug|Any CPU
		{1D8142F1-C32E-46D5-A3A6-0A2573BEDF04}.Debug|x64.Deploy.0 = Debug|Any CPU
		{1D8142F1-C32E-46D5-A3A6-0A2573BEDF04}.Debug|x86.ActiveCfg = Debug|Any CPU
		{1D8142F1-C32E-46D5-A3A6-0A2573BEDF04}.Debug|x86.Build.0 = Debug|Any CPU
		{1D8142F1-C32E-46D5-A3A6-0A2573BEDF04}.Debug|x86.Deploy.0 = Debug|Any CPU
		{1D8142F1-C32E-46D5-A3A6-0A2573BEDF04}.Release|Any CPU.ActiveCfg = Release|Any CPU
		{1D8142F1-C32E-46D5-A3A6-0A2573BEDF04}.Release|Any CPU.Build.0 = Release|Any CPU
		{1D8142F1-C32E-46D5-A3A6-0A2573BEDF04}.Release|Any CPU.Deploy.0 = Release|Any CPU
		{1D8142F1-C32E-46D5-A3A6-0A2573BEDF04}.Release|ARM.ActiveCfg = Release|Any CPU
		{1D8142F1-C32E-46D5-A3A6-0A2573BEDF04}.Release|ARM.Build.0 = Release|Any CPU
		{1D8142F1-C32E-46D5-A3A6-0A2573BEDF04}.Release|ARM.Deploy.0 = Release|Any CPU
		{1D8142F1-C32E-46D5-A3A6-0A2573BEDF04}.Release|iPhone.ActiveCfg = Release|Any CPU
		{1D8142F1-C32E-46D5-A3A6-0A2573BEDF04}.Release|iPhone.Build.0 = Release|Any CPU
		{1D8142F1-C32E-46D5-A3A6-0A2573BEDF04}.Release|iPhone.Deploy.0 = Release|Any CPU
		{1D8142F1-C32E-46D5-A3A6-0A2573BEDF04}.Release|iPhoneSimulator.ActiveCfg = Release|Any CPU
		{1D8142F1-C32E-46D5-A3A6-0A2573BEDF04}.Release|iPhoneSimulator.Build.0 = Release|Any CPU
		{1D8142F1-C32E-46D5-A3A6-0A2573BEDF04}.Release|iPhoneSimulator.Deploy.0 = Release|Any CPU
		{1D8142F1-C32E-46D5-A3A6-0A2573BEDF04}.Release|x64.ActiveCfg = Release|Any CPU
		{1D8142F1-C32E-46D5-A3A6-0A2573BEDF04}.Release|x64.Build.0 = Release|Any CPU
		{1D8142F1-C32E-46D5-A3A6-0A2573BEDF04}.Release|x64.Deploy.0 = Release|Any CPU
		{1D8142F1-C32E-46D5-A3A6-0A2573BEDF04}.Release|x86.ActiveCfg = Release|Any CPU
		{1D8142F1-C32E-46D5-A3A6-0A2573BEDF04}.Release|x86.Build.0 = Release|Any CPU
		{1D8142F1-C32E-46D5-A3A6-0A2573BEDF04}.Release|x86.Deploy.0 = Release|Any CPU
		{0F7B2E17-7B30-4B2D-8FB3-7E425C8C30F8}.Ad-Hoc|Any CPU.ActiveCfg = Ad-Hoc|iPhone
		{0F7B2E17-7B30-4B2D-8FB3-7E425C8C30F8}.Ad-Hoc|ARM.ActiveCfg = Ad-Hoc|iPhone
		{0F7B2E17-7B30-4B2D-8FB3-7E425C8C30F8}.Ad-Hoc|iPhone.ActiveCfg = Ad-Hoc|iPhone
		{0F7B2E17-7B30-4B2D-8FB3-7E425C8C30F8}.Ad-Hoc|iPhone.Build.0 = Ad-Hoc|iPhone
		{0F7B2E17-7B30-4B2D-8FB3-7E425C8C30F8}.Ad-Hoc|iPhoneSimulator.ActiveCfg = Ad-Hoc|iPhoneSimulator
		{0F7B2E17-7B30-4B2D-8FB3-7E425C8C30F8}.Ad-Hoc|iPhoneSimulator.Build.0 = Ad-Hoc|iPhoneSimulator
		{0F7B2E17-7B30-4B2D-8FB3-7E425C8C30F8}.Ad-Hoc|x64.ActiveCfg = Ad-Hoc|iPhone
		{0F7B2E17-7B30-4B2D-8FB3-7E425C8C30F8}.Ad-Hoc|x86.ActiveCfg = Ad-Hoc|iPhone
		{0F7B2E17-7B30-4B2D-8FB3-7E425C8C30F8}.AppStore|Any CPU.ActiveCfg = AppStore|iPhone
		{0F7B2E17-7B30-4B2D-8FB3-7E425C8C30F8}.AppStore|ARM.ActiveCfg = AppStore|iPhone
		{0F7B2E17-7B30-4B2D-8FB3-7E425C8C30F8}.AppStore|iPhone.ActiveCfg = AppStore|iPhone
		{0F7B2E17-7B30-4B2D-8FB3-7E425C8C30F8}.AppStore|iPhone.Build.0 = AppStore|iPhone
		{0F7B2E17-7B30-4B2D-8FB3-7E425C8C30F8}.AppStore|iPhoneSimulator.ActiveCfg = AppStore|iPhoneSimulator
		{0F7B2E17-7B30-4B2D-8FB3-7E425C8C30F8}.AppStore|iPhoneSimulator.Build.0 = AppStore|iPhoneSimulator
		{0F7B2E17-7B30-4B2D-8FB3-7E425C8C30F8}.AppStore|x64.ActiveCfg = AppStore|iPhone
		{0F7B2E17-7B30-4B2D-8FB3-7E425C8C30F8}.AppStore|x86.ActiveCfg = AppStore|iPhone
		{0F7B2E17-7B30-4B2D-8FB3-7E425C8C30F8}.Debug|Any CPU.ActiveCfg = Debug|iPhone
		{0F7B2E17-7B30-4B2D-8FB3-7E425C8C30F8}.Debug|ARM.ActiveCfg = Debug|iPhone
		{0F7B2E17-7B30-4B2D-8FB3-7E425C8C30F8}.Debug|iPhone.ActiveCfg = Debug|iPhone
		{0F7B2E17-7B30-4B2D-8FB3-7E425C8C30F8}.Debug|iPhone.Build.0 = Debug|iPhone
		{0F7B2E17-7B30-4B2D-8FB3-7E425C8C30F8}.Debug|iPhoneSimulator.ActiveCfg = Debug|iPhoneSimulator
		{0F7B2E17-7B30-4B2D-8FB3-7E425C8C30F8}.Debug|iPhoneSimulator.Build.0 = Debug|iPhoneSimulator
		{0F7B2E17-7B30-4B2D-8FB3-7E425C8C30F8}.Debug|x64.ActiveCfg = Debug|iPhone
		{0F7B2E17-7B30-4B2D-8FB3-7E425C8C30F8}.Debug|x86.ActiveCfg = Debug|iPhone
		{0F7B2E17-7B30-4B2D-8FB3-7E425C8C30F8}.Release|Any CPU.ActiveCfg = Release|iPhone
		{0F7B2E17-7B30-4B2D-8FB3-7E425C8C30F8}.Release|ARM.ActiveCfg = Release|iPhone
		{0F7B2E17-7B30-4B2D-8FB3-7E425C8C30F8}.Release|iPhone.ActiveCfg = Release|iPhone
		{0F7B2E17-7B30-4B2D-8FB3-7E425C8C30F8}.Release|iPhone.Build.0 = Release|iPhone
		{0F7B2E17-7B30-4B2D-8FB3-7E425C8C30F8}.Release|iPhoneSimulator.ActiveCfg = Release|iPhoneSimulator
		{0F7B2E17-7B30-4B2D-8FB3-7E425C8C30F8}.Release|iPhoneSimulator.Build.0 = Release|iPhoneSimulator
		{0F7B2E17-7B30-4B2D-8FB3-7E425C8C30F8}.Release|x64.ActiveCfg = Release|iPhone
		{0F7B2E17-7B30-4B2D-8FB3-7E425C8C30F8}.Release|x86.ActiveCfg = Release|iPhone
		{C7026923-9051-4C98-B9DA-341CDCDD3E70}.Ad-Hoc|Any CPU.ActiveCfg = Release|x86
		{C7026923-9051-4C98-B9DA-341CDCDD3E70}.Ad-Hoc|Any CPU.Build.0 = Release|x86
		{C7026923-9051-4C98-B9DA-341CDCDD3E70}.Ad-Hoc|Any CPU.Deploy.0 = Release|x86
		{C7026923-9051-4C98-B9DA-341CDCDD3E70}.Ad-Hoc|ARM.ActiveCfg = Release|ARM
		{C7026923-9051-4C98-B9DA-341CDCDD3E70}.Ad-Hoc|ARM.Build.0 = Release|ARM
		{C7026923-9051-4C98-B9DA-341CDCDD3E70}.Ad-Hoc|ARM.Deploy.0 = Release|ARM
		{C7026923-9051-4C98-B9DA-341CDCDD3E70}.Ad-Hoc|iPhone.ActiveCfg = Release|x86
		{C7026923-9051-4C98-B9DA-341CDCDD3E70}.Ad-Hoc|iPhone.Build.0 = Release|x86
		{C7026923-9051-4C98-B9DA-341CDCDD3E70}.Ad-Hoc|iPhone.Deploy.0 = Release|x86
		{C7026923-9051-4C98-B9DA-341CDCDD3E70}.Ad-Hoc|iPhoneSimulator.ActiveCfg = Release|x86
		{C7026923-9051-4C98-B9DA-341CDCDD3E70}.Ad-Hoc|iPhoneSimulator.Build.0 = Release|x86
		{C7026923-9051-4C98-B9DA-341CDCDD3E70}.Ad-Hoc|iPhoneSimulator.Deploy.0 = Release|x86
		{C7026923-9051-4C98-B9DA-341CDCDD3E70}.Ad-Hoc|x64.ActiveCfg = Release|x64
		{C7026923-9051-4C98-B9DA-341CDCDD3E70}.Ad-Hoc|x64.Build.0 = Release|x64
		{C7026923-9051-4C98-B9DA-341CDCDD3E70}.Ad-Hoc|x64.Deploy.0 = Release|x64
		{C7026923-9051-4C98-B9DA-341CDCDD3E70}.Ad-Hoc|x86.ActiveCfg = Release|x86
		{C7026923-9051-4C98-B9DA-341CDCDD3E70}.Ad-Hoc|x86.Build.0 = Release|x86
		{C7026923-9051-4C98-B9DA-341CDCDD3E70}.Ad-Hoc|x86.Deploy.0 = Release|x86
		{C7026923-9051-4C98-B9DA-341CDCDD3E70}.AppStore|Any CPU.ActiveCfg = Release|x86
		{C7026923-9051-4C98-B9DA-341CDCDD3E70}.AppStore|Any CPU.Build.0 = Release|x86
		{C7026923-9051-4C98-B9DA-341CDCDD3E70}.AppStore|Any CPU.Deploy.0 = Release|x86
		{C7026923-9051-4C98-B9DA-341CDCDD3E70}.AppStore|ARM.ActiveCfg = Release|ARM
		{C7026923-9051-4C98-B9DA-341CDCDD3E70}.AppStore|ARM.Build.0 = Release|ARM
		{C7026923-9051-4C98-B9DA-341CDCDD3E70}.AppStore|ARM.Deploy.0 = Release|ARM
		{C7026923-9051-4C98-B9DA-341CDCDD3E70}.AppStore|iPhone.ActiveCfg = Release|x86
		{C7026923-9051-4C98-B9DA-341CDCDD3E70}.AppStore|iPhone.Build.0 = Release|x86
		{C7026923-9051-4C98-B9DA-341CDCDD3E70}.AppStore|iPhone.Deploy.0 = Release|x86
		{C7026923-9051-4C98-B9DA-341CDCDD3E70}.AppStore|iPhoneSimulator.ActiveCfg = Release|x86
		{C7026923-9051-4C98-B9DA-341CDCDD3E70}.AppStore|iPhoneSimulator.Build.0 = Release|x86
		{C7026923-9051-4C98-B9DA-341CDCDD3E70}.AppStore|iPhoneSimulator.Deploy.0 = Release|x86
		{C7026923-9051-4C98-B9DA-341CDCDD3E70}.AppStore|x64.ActiveCfg = Release|x64
		{C7026923-9051-4C98-B9DA-341CDCDD3E70}.AppStore|x64.Build.0 = Release|x64
		{C7026923-9051-4C98-B9DA-341CDCDD3E70}.AppStore|x64.Deploy.0 = Release|x64
		{C7026923-9051-4C98-B9DA-341CDCDD3E70}.AppStore|x86.ActiveCfg = Release|x86
		{C7026923-9051-4C98-B9DA-341CDCDD3E70}.AppStore|x86.Build.0 = Release|x86
		{C7026923-9051-4C98-B9DA-341CDCDD3E70}.AppStore|x86.Deploy.0 = Release|x86
		{C7026923-9051-4C98-B9DA-341CDCDD3E70}.Debug|Any CPU.ActiveCfg = Debug|x86
		{C7026923-9051-4C98-B9DA-341CDCDD3E70}.Debug|ARM.ActiveCfg = Debug|ARM
		{C7026923-9051-4C98-B9DA-341CDCDD3E70}.Debug|ARM.Build.0 = Debug|ARM
		{C7026923-9051-4C98-B9DA-341CDCDD3E70}.Debug|ARM.Deploy.0 = Debug|ARM
		{C7026923-9051-4C98-B9DA-341CDCDD3E70}.Debug|iPhone.ActiveCfg = Debug|x86
		{C7026923-9051-4C98-B9DA-341CDCDD3E70}.Debug|iPhoneSimulator.ActiveCfg = Debug|x86
		{C7026923-9051-4C98-B9DA-341CDCDD3E70}.Debug|x64.ActiveCfg = Debug|x64
		{C7026923-9051-4C98-B9DA-341CDCDD3E70}.Debug|x64.Build.0 = Debug|x64
		{C7026923-9051-4C98-B9DA-341CDCDD3E70}.Debug|x64.Deploy.0 = Debug|x64
		{C7026923-9051-4C98-B9DA-341CDCDD3E70}.Debug|x86.ActiveCfg = Debug|x86
		{C7026923-9051-4C98-B9DA-341CDCDD3E70}.Debug|x86.Build.0 = Debug|x86
		{C7026923-9051-4C98-B9DA-341CDCDD3E70}.Debug|x86.Deploy.0 = Debug|x86
		{C7026923-9051-4C98-B9DA-341CDCDD3E70}.Release|Any CPU.ActiveCfg = Release|x86
		{C7026923-9051-4C98-B9DA-341CDCDD3E70}.Release|ARM.ActiveCfg = Release|ARM
		{C7026923-9051-4C98-B9DA-341CDCDD3E70}.Release|ARM.Build.0 = Release|ARM
		{C7026923-9051-4C98-B9DA-341CDCDD3E70}.Release|ARM.Deploy.0 = Release|ARM
		{C7026923-9051-4C98-B9DA-341CDCDD3E70}.Release|iPhone.ActiveCfg = Release|x86
		{C7026923-9051-4C98-B9DA-341CDCDD3E70}.Release|iPhoneSimulator.ActiveCfg = Release|x86
		{C7026923-9051-4C98-B9DA-341CDCDD3E70}.Release|x64.ActiveCfg = Release|x64
		{C7026923-9051-4C98-B9DA-341CDCDD3E70}.Release|x64.Build.0 = Release|x64
		{C7026923-9051-4C98-B9DA-341CDCDD3E70}.Release|x64.Deploy.0 = Release|x64
		{C7026923-9051-4C98-B9DA-341CDCDD3E70}.Release|x86.ActiveCfg = Release|x86
		{C7026923-9051-4C98-B9DA-341CDCDD3E70}.Release|x86.Build.0 = Release|x86
		{C7026923-9051-4C98-B9DA-341CDCDD3E70}.Release|x86.Deploy.0 = Release|x86
		{560A6D36-A887-4280-B0D5-0B759639EFDF}.Ad-Hoc|Any CPU.ActiveCfg = Debug|Any CPU
		{560A6D36-A887-4280-B0D5-0B759639EFDF}.Ad-Hoc|Any CPU.Build.0 = Debug|Any CPU
		{560A6D36-A887-4280-B0D5-0B759639EFDF}.Ad-Hoc|ARM.ActiveCfg = Debug|Any CPU
		{560A6D36-A887-4280-B0D5-0B759639EFDF}.Ad-Hoc|ARM.Build.0 = Debug|Any CPU
		{560A6D36-A887-4280-B0D5-0B759639EFDF}.Ad-Hoc|iPhone.ActiveCfg = Debug|Any CPU
		{560A6D36-A887-4280-B0D5-0B759639EFDF}.Ad-Hoc|iPhone.Build.0 = Debug|Any CPU
		{560A6D36-A887-4280-B0D5-0B759639EFDF}.Ad-Hoc|iPhoneSimulator.ActiveCfg = Debug|Any CPU
		{560A6D36-A887-4280-B0D5-0B759639EFDF}.Ad-Hoc|iPhoneSimulator.Build.0 = Debug|Any CPU
		{560A6D36-A887-4280-B0D5-0B759639EFDF}.Ad-Hoc|x64.ActiveCfg = Debug|Any CPU
		{560A6D36-A887-4280-B0D5-0B759639EFDF}.Ad-Hoc|x64.Build.0 = Debug|Any CPU
		{560A6D36-A887-4280-B0D5-0B759639EFDF}.Ad-Hoc|x86.ActiveCfg = Debug|Any CPU
		{560A6D36-A887-4280-B0D5-0B759639EFDF}.Ad-Hoc|x86.Build.0 = Debug|Any CPU
		{560A6D36-A887-4280-B0D5-0B759639EFDF}.AppStore|Any CPU.ActiveCfg = Debug|Any CPU
		{560A6D36-A887-4280-B0D5-0B759639EFDF}.AppStore|Any CPU.Build.0 = Debug|Any CPU
		{560A6D36-A887-4280-B0D5-0B759639EFDF}.AppStore|ARM.ActiveCfg = Debug|Any CPU
		{560A6D36-A887-4280-B0D5-0B759639EFDF}.AppStore|ARM.Build.0 = Debug|Any CPU
		{560A6D36-A887-4280-B0D5-0B759639EFDF}.AppStore|iPhone.ActiveCfg = Debug|Any CPU
		{560A6D36-A887-4280-B0D5-0B759639EFDF}.AppStore|iPhone.Build.0 = Debug|Any CPU
		{560A6D36-A887-4280-B0D5-0B759639EFDF}.AppStore|iPhoneSimulator.ActiveCfg = Debug|Any CPU
		{560A6D36-A887-4280-B0D5-0B759639EFDF}.AppStore|iPhoneSimulator.Build.0 = Debug|Any CPU
		{560A6D36-A887-4280-B0D5-0B759639EFDF}.AppStore|x64.ActiveCfg = Debug|Any CPU
		{560A6D36-A887-4280-B0D5-0B759639EFDF}.AppStore|x64.Build.0 = Debug|Any CPU
		{560A6D36-A887-4280-B0D5-0B759639EFDF}.AppStore|x86.ActiveCfg = Debug|Any CPU
		{560A6D36-A887-4280-B0D5-0B759639EFDF}.AppStore|x86.Build.0 = Debug|Any CPU
		{560A6D36-A887-4280-B0D5-0B759639EFDF}.Debug|Any CPU.ActiveCfg = Debug|Any CPU
		{560A6D36-A887-4280-B0D5-0B759639EFDF}.Debug|Any CPU.Build.0 = Debug|Any CPU
		{560A6D36-A887-4280-B0D5-0B759639EFDF}.Debug|ARM.ActiveCfg = Debug|Any CPU
		{560A6D36-A887-4280-B0D5-0B759639EFDF}.Debug|ARM.Build.0 = Debug|Any CPU
		{560A6D36-A887-4280-B0D5-0B759639EFDF}.Debug|iPhone.ActiveCfg = Debug|Any CPU
		{560A6D36-A887-4280-B0D5-0B759639EFDF}.Debug|iPhone.Build.0 = Debug|Any CPU
		{560A6D36-A887-4280-B0D5-0B759639EFDF}.Debug|iPhoneSimulator.ActiveCfg = Debug|Any CPU
		{560A6D36-A887-4280-B0D5-0B759639EFDF}.Debug|iPhoneSimulator.Build.0 = Debug|Any CPU
		{560A6D36-A887-4280-B0D5-0B759639EFDF}.Debug|x64.ActiveCfg = Debug|Any CPU
		{560A6D36-A887-4280-B0D5-0B759639EFDF}.Debug|x64.Build.0 = Debug|Any CPU
		{560A6D36-A887-4280-B0D5-0B759639EFDF}.Debug|x86.ActiveCfg = Debug|Any CPU
		{560A6D36-A887-4280-B0D5-0B759639EFDF}.Debug|x86.Build.0 = Debug|Any CPU
		{560A6D36-A887-4280-B0D5-0B759639EFDF}.Release|Any CPU.ActiveCfg = Release|Any CPU
		{560A6D36-A887-4280-B0D5-0B759639EFDF}.Release|Any CPU.Build.0 = Release|Any CPU
		{560A6D36-A887-4280-B0D5-0B759639EFDF}.Release|ARM.ActiveCfg = Release|Any CPU
		{560A6D36-A887-4280-B0D5-0B759639EFDF}.Release|ARM.Build.0 = Release|Any CPU
		{560A6D36-A887-4280-B0D5-0B759639EFDF}.Release|iPhone.ActiveCfg = Release|Any CPU
		{560A6D36-A887-4280-B0D5-0B759639EFDF}.Release|iPhone.Build.0 = Release|Any CPU
		{560A6D36-A887-4280-B0D5-0B759639EFDF}.Release|iPhoneSimulator.ActiveCfg = Release|Any CPU
		{560A6D36-A887-4280-B0D5-0B759639EFDF}.Release|iPhoneSimulator.Build.0 = Release|Any CPU
		{560A6D36-A887-4280-B0D5-0B759639EFDF}.Release|x64.ActiveCfg = Release|Any CPU
		{560A6D36-A887-4280-B0D5-0B759639EFDF}.Release|x64.Build.0 = Release|Any CPU
		{560A6D36-A887-4280-B0D5-0B759639EFDF}.Release|x86.ActiveCfg = Release|Any CPU
		{560A6D36-A887-4280-B0D5-0B759639EFDF}.Release|x86.Build.0 = Release|Any CPU
	EndGlobalSection
	GlobalSection(SolutionProperties) = preSolution
		HideSolutionNode = FALSE
	EndGlobalSection
	GlobalSection(ExtensibilityGlobals) = postSolution
		SolutionGuid = {B4B49733-D4F7-4EC8-AE77-F1D330C32BB7}
	EndGlobalSection
EndGlobal
